// !$*UTF8*$!
{
	archiveVersion = 1;
	classes = {
	};
	objectVersion = 56;
	objects = {

/* Begin PBXBuildFile section */
		2811DEFA2A29AA8F0024CB4B /* APICaller.swift in Sources */ = {isa = PBXBuildFile; fileRef = 2811DEF92A29AA8F0024CB4B /* APICaller.swift */; };
		2811DEFC2A29B34F0024CB4B /* Title.swift in Sources */ = {isa = PBXBuildFile; fileRef = 2811DEFB2A29B34F0024CB4B /* Title.swift */; };
		2811DEFE2A29BA4E0024CB4B /* Extensions.swift in Sources */ = {isa = PBXBuildFile; fileRef = 2811DEFD2A29BA4E0024CB4B /* Extensions.swift */; };
		2811DF022A29F97A0024CB4B /* TitleCollectionViewCell.swift in Sources */ = {isa = PBXBuildFile; fileRef = 2811DF012A29F97A0024CB4B /* TitleCollectionViewCell.swift */; };
		284F1FB22A2EF00B006A908C /* TitleViewModel.swift in Sources */ = {isa = PBXBuildFile; fileRef = 284F1FB12A2EF00B006A908C /* TitleViewModel.swift */; };
		284F1FB42A2F0255006A908C /* SearchResultsViewController.swift in Sources */ = {isa = PBXBuildFile; fileRef = 284F1FB32A2F0255006A908C /* SearchResultsViewController.swift */; };
		28580B952A27002A00DA44DF /* AppDelegate.swift in Sources */ = {isa = PBXBuildFile; fileRef = 28580B942A27002A00DA44DF /* AppDelegate.swift */; };
		28580B972A27002A00DA44DF /* SceneDelegate.swift in Sources */ = {isa = PBXBuildFile; fileRef = 28580B962A27002A00DA44DF /* SceneDelegate.swift */; };
		28580B992A27002A00DA44DF /* MainTabBarViewController.swift in Sources */ = {isa = PBXBuildFile; fileRef = 28580B982A27002A00DA44DF /* MainTabBarViewController.swift */; };
		28580B9E2A27002B00DA44DF /* Assets.xcassets in Resources */ = {isa = PBXBuildFile; fileRef = 28580B9D2A27002B00DA44DF /* Assets.xcassets */; };
		28580BA12A27002B00DA44DF /* LaunchScreen.storyboard in Resources */ = {isa = PBXBuildFile; fileRef = 28580B9F2A27002B00DA44DF /* LaunchScreen.storyboard */; };
		28580BAA2A2703F700DA44DF /* HomeViewController.swift in Sources */ = {isa = PBXBuildFile; fileRef = 28580BA92A2703F700DA44DF /* HomeViewController.swift */; };
		28580BAC2A27041B00DA44DF /* UpcommingViewController.swift in Sources */ = {isa = PBXBuildFile; fileRef = 28580BAB2A27041B00DA44DF /* UpcommingViewController.swift */; };
		28580BAE2A27043500DA44DF /* SearchViewController.swift in Sources */ = {isa = PBXBuildFile; fileRef = 28580BAD2A27043500DA44DF /* SearchViewController.swift */; };
		28580BB02A27045500DA44DF /* DownloadsViewController.swift in Sources */ = {isa = PBXBuildFile; fileRef = 28580BAF2A27045500DA44DF /* DownloadsViewController.swift */; };
		28580BB72A270D0B00DA44DF /* CollectionViewTableViewCell.swift in Sources */ = {isa = PBXBuildFile; fileRef = 28580BB62A270D0B00DA44DF /* CollectionViewTableViewCell.swift */; };
		28580BB92A2714AA00DA44DF /* HeroHeaderUIView.swift in Sources */ = {isa = PBXBuildFile; fileRef = 28580BB82A2714AA00DA44DF /* HeroHeaderUIView.swift */; };
		28A862CE2A2D9E5900D039E2 /* SDWebImage in Frameworks */ = {isa = PBXBuildFile; productRef = 28A862CD2A2D9E5900D039E2 /* SDWebImage */; };
		28A862D02A2D9E5900D039E2 /* SDWebImageMapKit in Frameworks */ = {isa = PBXBuildFile; productRef = 28A862CF2A2D9E5900D039E2 /* SDWebImageMapKit */; };
		28A862D22A2DE9EE00D039E2 /* TitleTableViewCell.swift in Sources */ = {isa = PBXBuildFile; fileRef = 28A862D12A2DE9EE00D039E2 /* TitleTableViewCell.swift */; };
/* End PBXBuildFile section */

/* Begin PBXFileReference section */
		2811DEF92A29AA8F0024CB4B /* APICaller.swift */ = {isa = PBXFileReference; lastKnownFileType = sourcecode.swift; path = APICaller.swift; sourceTree = "<group>"; };
		2811DEFB2A29B34F0024CB4B /* Title.swift */ = {isa = PBXFileReference; lastKnownFileType = sourcecode.swift; path = Title.swift; sourceTree = "<group>"; };
		2811DEFD2A29BA4E0024CB4B /* Extensions.swift */ = {isa = PBXFileReference; lastKnownFileType = sourcecode.swift; path = Extensions.swift; sourceTree = "<group>"; };
		2811DF012A29F97A0024CB4B /* TitleCollectionViewCell.swift */ = {isa = PBXFileReference; lastKnownFileType = sourcecode.swift; path = TitleCollectionViewCell.swift; sourceTree = "<group>"; };
		284F1FB12A2EF00B006A908C /* TitleViewModel.swift */ = {isa = PBXFileReference; lastKnownFileType = sourcecode.swift; path = TitleViewModel.swift; sourceTree = "<group>"; };
		284F1FB32A2F0255006A908C /* SearchResultsViewController.swift */ = {isa = PBXFileReference; lastKnownFileType = sourcecode.swift; path = SearchResultsViewController.swift; sourceTree = "<group>"; };
		28580B912A27002A00DA44DF /* Netflix Clone.app */ = {isa = PBXFileReference; explicitFileType = wrapper.application; includeInIndex = 0; path = "Netflix Clone.app"; sourceTree = BUILT_PRODUCTS_DIR; };
		28580B942A27002A00DA44DF /* AppDelegate.swift */ = {isa = PBXFileReference; lastKnownFileType = sourcecode.swift; path = AppDelegate.swift; sourceTree = "<group>"; };
		28580B962A27002A00DA44DF /* SceneDelegate.swift */ = {isa = PBXFileReference; lastKnownFileType = sourcecode.swift; path = SceneDelegate.swift; sourceTree = "<group>"; };
		28580B982A27002A00DA44DF /* MainTabBarViewController.swift */ = {isa = PBXFileReference; lastKnownFileType = sourcecode.swift; path = MainTabBarViewController.swift; sourceTree = "<group>"; };
		28580B9D2A27002B00DA44DF /* Assets.xcassets */ = {isa = PBXFileReference; lastKnownFileType = folder.assetcatalog; path = Assets.xcassets; sourceTree = "<group>"; };
		28580BA02A27002B00DA44DF /* Base */ = {isa = PBXFileReference; lastKnownFileType = file.storyboard; name = Base; path = Base.lproj/LaunchScreen.storyboard; sourceTree = "<group>"; };
		28580BA22A27002B00DA44DF /* Info.plist */ = {isa = PBXFileReference; lastKnownFileType = text.plist.xml; path = Info.plist; sourceTree = "<group>"; };
		28580BA92A2703F700DA44DF /* HomeViewController.swift */ = {isa = PBXFileReference; lastKnownFileType = sourcecode.swift; path = HomeViewController.swift; sourceTree = "<group>"; };
		28580BAB2A27041B00DA44DF /* UpcommingViewController.swift */ = {isa = PBXFileReference; lastKnownFileType = sourcecode.swift; path = UpcommingViewController.swift; sourceTree = "<group>"; };
		28580BAD2A27043500DA44DF /* SearchViewController.swift */ = {isa = PBXFileReference; lastKnownFileType = sourcecode.swift; path = SearchViewController.swift; sourceTree = "<group>"; };
		28580BAF2A27045500DA44DF /* DownloadsViewController.swift */ = {isa = PBXFileReference; lastKnownFileType = sourcecode.swift; path = DownloadsViewController.swift; sourceTree = "<group>"; };
		28580BB62A270D0B00DA44DF /* CollectionViewTableViewCell.swift */ = {isa = PBXFileReference; lastKnownFileType = sourcecode.swift; path = CollectionViewTableViewCell.swift; sourceTree = "<group>"; };
		28580BB82A2714AA00DA44DF /* HeroHeaderUIView.swift */ = {isa = PBXFileReference; lastKnownFileType = sourcecode.swift; path = HeroHeaderUIView.swift; sourceTree = "<group>"; };
		28A862D12A2DE9EE00D039E2 /* TitleTableViewCell.swift */ = {isa = PBXFileReference; lastKnownFileType = sourcecode.swift; path = TitleTableViewCell.swift; sourceTree = "<group>"; };
/* End PBXFileReference section */

/* Begin PBXFrameworksBuildPhase section */
		28580B8E2A27002A00DA44DF /* Frameworks */ = {
			isa = PBXFrameworksBuildPhase;
			buildActionMask = 2147483647;
			files = (
				28A862D02A2D9E5900D039E2 /* SDWebImageMapKit in Frameworks */,
				28A862CE2A2D9E5900D039E2 /* SDWebImage in Frameworks */,
			);
			runOnlyForDeploymentPostprocessing = 0;
		};
/* End PBXFrameworksBuildPhase section */

/* Begin PBXGroup section */
		284F1FB52A2F0315006A908C /* Core */ = {
			isa = PBXGroup;
			children = (
				28580BA92A2703F700DA44DF /* HomeViewController.swift */,
				28580BAB2A27041B00DA44DF /* UpcommingViewController.swift */,
				28580BAD2A27043500DA44DF /* SearchViewController.swift */,
				28580BAF2A27045500DA44DF /* DownloadsViewController.swift */,
				28580B982A27002A00DA44DF /* MainTabBarViewController.swift */,
			);
			path = Core;
			sourceTree = "<group>";
		};
		284F1FB62A2F0320006A908C /* General */ = {
			isa = PBXGroup;
			children = (
				284F1FB32A2F0255006A908C /* SearchResultsViewController.swift */,
			);
			path = General;
			sourceTree = "<group>";
		};
		28580B882A27002A00DA44DF = {
			isa = PBXGroup;
			children = (
				28580B932A27002A00DA44DF /* Netflix Clone */,
				28580B922A27002A00DA44DF /* Products */,
			);
			sourceTree = "<group>";
		};
		28580B922A27002A00DA44DF /* Products */ = {
			isa = PBXGroup;
			children = (
				28580B912A27002A00DA44DF /* Netflix Clone.app */,
			);
			name = Products;
			sourceTree = "<group>";
		};
		28580B932A27002A00DA44DF /* Netflix Clone */ = {
			isa = PBXGroup;
			children = (
				28580BB52A270CDD00DA44DF /* Managers */,
				28580BB42A270CD400DA44DF /* Resources */,
				28580BB32A270CB100DA44DF /* Models */,
				28580BB22A270CA600DA44DF /* Views */,
				28580BB12A270C9500DA44DF /* ViewModels */,
				28580BA82A2703CF00DA44DF /* Controllers */,
				28580B942A27002A00DA44DF /* AppDelegate.swift */,
				28580B962A27002A00DA44DF /* SceneDelegate.swift */,
				28580B9D2A27002B00DA44DF /* Assets.xcassets */,
				28580B9F2A27002B00DA44DF /* LaunchScreen.storyboard */,
				28580BA22A27002B00DA44DF /* Info.plist */,
			);
			path = "Netflix Clone";
			sourceTree = "<group>";
		};
		28580BA82A2703CF00DA44DF /* Controllers */ = {
			isa = PBXGroup;
			children = (
				284F1FB52A2F0315006A908C /* Core */,
				284F1FB62A2F0320006A908C /* General */,
			);
			path = Controllers;
			sourceTree = "<group>";
		};
		28580BB12A270C9500DA44DF /* ViewModels */ = {
			isa = PBXGroup;
			children = (
				284F1FB12A2EF00B006A908C /* TitleViewModel.swift */,
			);
			path = ViewModels;
			sourceTree = "<group>";
		};
		28580BB22A270CA600DA44DF /* Views */ = {
			isa = PBXGroup;
			children = (
				28580BB62A270D0B00DA44DF /* CollectionViewTableViewCell.swift */,
				28580BB82A2714AA00DA44DF /* HeroHeaderUIView.swift */,
				2811DF012A29F97A0024CB4B /* TitleCollectionViewCell.swift */,
				28A862D12A2DE9EE00D039E2 /* TitleTableViewCell.swift */,
			);
			path = Views;
			sourceTree = "<group>";
		};
		28580BB32A270CB100DA44DF /* Models */ = {
			isa = PBXGroup;
			children = (
				2811DEFB2A29B34F0024CB4B /* Title.swift */,
			);
			path = Models;
			sourceTree = "<group>";
		};
		28580BB42A270CD400DA44DF /* Resources */ = {
			isa = PBXGroup;
			children = (
				2811DEFD2A29BA4E0024CB4B /* Extensions.swift */,
			);
			path = Resources;
			sourceTree = "<group>";
		};
		28580BB52A270CDD00DA44DF /* Managers */ = {
			isa = PBXGroup;
			children = (
				2811DEF92A29AA8F0024CB4B /* APICaller.swift */,
			);
			path = Managers;
			sourceTree = "<group>";
		};
/* End PBXGroup section */

/* Begin PBXNativeTarget section */
		28580B902A27002A00DA44DF /* Netflix Clone */ = {
			isa = PBXNativeTarget;
			buildConfigurationList = 28580BA52A27002B00DA44DF /* Build configuration list for PBXNativeTarget "Netflix Clone" */;
			buildPhases = (
				28580B8D2A27002A00DA44DF /* Sources */,
				28580B8E2A27002A00DA44DF /* Frameworks */,
				28580B8F2A27002A00DA44DF /* Resources */,
			);
			buildRules = (
			);
			dependencies = (
			);
			name = "Netflix Clone";
			packageProductDependencies = (
				28A862CD2A2D9E5900D039E2 /* SDWebImage */,
				28A862CF2A2D9E5900D039E2 /* SDWebImageMapKit */,
			);
			productName = "Netflix Clone";
			productReference = 28580B912A27002A00DA44DF /* Netflix Clone.app */;
			productType = "com.apple.product-type.application";
		};
/* End PBXNativeTarget section */

/* Begin PBXProject section */
		28580B892A27002A00DA44DF /* Project object */ = {
			isa = PBXProject;
			attributes = {
				BuildIndependentTargetsInParallel = 1;
				LastSwiftUpdateCheck = 1430;
				LastUpgradeCheck = 1430;
				TargetAttributes = {
					28580B902A27002A00DA44DF = {
						CreatedOnToolsVersion = 14.3;
					};
				};
			};
			buildConfigurationList = 28580B8C2A27002A00DA44DF /* Build configuration list for PBXProject "Netflix Clone" */;
			compatibilityVersion = "Xcode 14.0";
			developmentRegion = en;
			hasScannedForEncodings = 0;
			knownRegions = (
				en,
				Base,
			);
			mainGroup = 28580B882A27002A00DA44DF;
			packageReferences = (
				28A862CC2A2D9E5900D039E2 /* XCRemoteSwiftPackageReference "SDWebImage" */,
			);
			productRefGroup = 28580B922A27002A00DA44DF /* Products */;
			projectDirPath = "";
			projectRoot = "";
			targets = (
				28580B902A27002A00DA44DF /* Netflix Clone */,
			);
		};
/* End PBXProject section */

/* Begin PBXResourcesBuildPhase section */
		28580B8F2A27002A00DA44DF /* Resources */ = {
			isa = PBXResourcesBuildPhase;
			buildActionMask = 2147483647;
			files = (
				28580BA12A27002B00DA44DF /* LaunchScreen.storyboard in Resources */,
				28580B9E2A27002B00DA44DF /* Assets.xcassets in Resources */,
			);
			runOnlyForDeploymentPostprocessing = 0;
		};
/* End PBXResourcesBuildPhase section */

/* Begin PBXSourcesBuildPhase section */
		28580B8D2A27002A00DA44DF /* Sources */ = {
			isa = PBXSourcesBuildPhase;
			buildActionMask = 2147483647;
			files = (
				28A862D22A2DE9EE00D039E2 /* TitleTableViewCell.swift in Sources */,
				28580BAE2A27043500DA44DF /* SearchViewController.swift in Sources */,
				2811DF022A29F97A0024CB4B /* TitleCollectionViewCell.swift in Sources */,
				28580B992A27002A00DA44DF /* MainTabBarViewController.swift in Sources */,
				28580BB72A270D0B00DA44DF /* CollectionViewTableViewCell.swift in Sources */,
				2811DEFA2A29AA8F0024CB4B /* APICaller.swift in Sources */,
				28580BB92A2714AA00DA44DF /* HeroHeaderUIView.swift in Sources */,
				28580BB02A27045500DA44DF /* DownloadsViewController.swift in Sources */,
				28580B952A27002A00DA44DF /* AppDelegate.swift in Sources */,
				284F1FB42A2F0255006A908C /* SearchResultsViewController.swift in Sources */,
				2811DEFE2A29BA4E0024CB4B /* Extensions.swift in Sources */,
				28580BAC2A27041B00DA44DF /* UpcommingViewController.swift in Sources */,
				28580B972A27002A00DA44DF /* SceneDelegate.swift in Sources */,
				2811DEFC2A29B34F0024CB4B /* Title.swift in Sources */,
				28580BAA2A2703F700DA44DF /* HomeViewController.swift in Sources */,
				284F1FB22A2EF00B006A908C /* TitleViewModel.swift in Sources */,
			);
			runOnlyForDeploymentPostprocessing = 0;
		};
/* End PBXSourcesBuildPhase section */

/* Begin PBXVariantGroup section */
		28580B9F2A27002B00DA44DF /* LaunchScreen.storyboard */ = {
			isa = PBXVariantGroup;
			children = (
				28580BA02A27002B00DA44DF /* Base */,
			);
			name = LaunchScreen.storyboard;
			sourceTree = "<group>";
		};
/* End PBXVariantGroup section */

/* Begin XCBuildConfiguration section */
		28580BA32A27002B00DA44DF /* Debug */ = {
			isa = XCBuildConfiguration;
			buildSettings = {
				ALWAYS_SEARCH_USER_PATHS = NO;
				CLANG_ANALYZER_NONNULL = YES;
				CLANG_ANALYZER_NUMBER_OBJECT_CONVERSION = YES_AGGRESSIVE;
				CLANG_CXX_LANGUAGE_STANDARD = "gnu++20";
				CLANG_ENABLE_MODULES = YES;
				CLANG_ENABLE_OBJC_ARC = YES;
				CLANG_ENABLE_OBJC_WEAK = YES;
				CLANG_WARN_BLOCK_CAPTURE_AUTORELEASING = YES;
				CLANG_WARN_BOOL_CONVERSION = YES;
				CLANG_WARN_COMMA = YES;
				CLANG_WARN_CONSTANT_CONVERSION = YES;
				CLANG_WARN_DEPRECATED_OBJC_IMPLEMENTATIONS = YES;
				CLANG_WARN_DIRECT_OBJC_ISA_USAGE = YES_ERROR;
				CLANG_WARN_DOCUMENTATION_COMMENTS = YES;
				CLANG_WARN_EMPTY_BODY = YES;
				CLANG_WARN_ENUM_CONVERSION = YES;
				CLANG_WARN_INFINITE_RECURSION = YES;
				CLANG_WARN_INT_CONVERSION = YES;
				CLANG_WARN_NON_LITERAL_NULL_CONVERSION = YES;
				CLANG_WARN_OBJC_IMPLICIT_RETAIN_SELF = YES;
				CLANG_WARN_OBJC_LITERAL_CONVERSION = YES;
				CLANG_WARN_OBJC_ROOT_CLASS = YES_ERROR;
				CLANG_WARN_QUOTED_INCLUDE_IN_FRAMEWORK_HEADER = YES;
				CLANG_WARN_RANGE_LOOP_ANALYSIS = YES;
				CLANG_WARN_STRICT_PROTOTYPES = YES;
				CLANG_WARN_SUSPICIOUS_MOVE = YES;
				CLANG_WARN_UNGUARDED_AVAILABILITY = YES_AGGRESSIVE;
				CLANG_WARN_UNREACHABLE_CODE = YES;
				CLANG_WARN__DUPLICATE_METHOD_MATCH = YES;
				COPY_PHASE_STRIP = NO;
				DEBUG_INFORMATION_FORMAT = dwarf;
				ENABLE_STRICT_OBJC_MSGSEND = YES;
				ENABLE_TESTABILITY = YES;
				GCC_C_LANGUAGE_STANDARD = gnu11;
				GCC_DYNAMIC_NO_PIC = NO;
				GCC_NO_COMMON_BLOCKS = YES;
				GCC_OPTIMIZATION_LEVEL = 0;
				GCC_PREPROCESSOR_DEFINITIONS = (
					"DEBUG=1",
					"$(inherited)",
				);
				GCC_WARN_64_TO_32_BIT_CONVERSION = YES;
				GCC_WARN_ABOUT_RETURN_TYPE = YES_ERROR;
				GCC_WARN_UNDECLARED_SELECTOR = YES;
				GCC_WARN_UNINITIALIZED_AUTOS = YES_AGGRESSIVE;
				GCC_WARN_UNUSED_FUNCTION = YES;
				GCC_WARN_UNUSED_VARIABLE = YES;
				IPHONEOS_DEPLOYMENT_TARGET = 16.4;
				MTL_ENABLE_DEBUG_INFO = INCLUDE_SOURCE;
				MTL_FAST_MATH = YES;
				ONLY_ACTIVE_ARCH = YES;
				SDKROOT = iphoneos;
				SWIFT_ACTIVE_COMPILATION_CONDITIONS = DEBUG;
				SWIFT_OPTIMIZATION_LEVEL = "-Onone";
			};
			name = Debug;
		};
		28580BA42A27002B00DA44DF /* Release */ = {
			isa = XCBuildConfiguration;
			buildSettings = {
				ALWAYS_SEARCH_USER_PATHS = NO;
				CLANG_ANALYZER_NONNULL = YES;
				CLANG_ANALYZER_NUMBER_OBJECT_CONVERSION = YES_AGGRESSIVE;
				CLANG_CXX_LANGUAGE_STANDARD = "gnu++20";
				CLANG_ENABLE_MODULES = YES;
				CLANG_ENABLE_OBJC_ARC = YES;
				CLANG_ENABLE_OBJC_WEAK = YES;
				CLANG_WARN_BLOCK_CAPTURE_AUTORELEASING = YES;
				CLANG_WARN_BOOL_CONVERSION = YES;
				CLANG_WARN_COMMA = YES;
				CLANG_WARN_CONSTANT_CONVERSION = YES;
				CLANG_WARN_DEPRECATED_OBJC_IMPLEMENTATIONS = YES;
				CLANG_WARN_DIRECT_OBJC_ISA_USAGE = YES_ERROR;
				CLANG_WARN_DOCUMENTATION_COMMENTS = YES;
				CLANG_WARN_EMPTY_BODY = YES;
				CLANG_WARN_ENUM_CONVERSION = YES;
				CLANG_WARN_INFINITE_RECURSION = YES;
				CLANG_WARN_INT_CONVERSION = YES;
				CLANG_WARN_NON_LITERAL_NULL_CONVERSION = YES;
				CLANG_WARN_OBJC_IMPLICIT_RETAIN_SELF = YES;
				CLANG_WARN_OBJC_LITERAL_CONVERSION = YES;
				CLANG_WARN_OBJC_ROOT_CLASS = YES_ERROR;
				CLANG_WARN_QUOTED_INCLUDE_IN_FRAMEWORK_HEADER = YES;
				CLANG_WARN_RANGE_LOOP_ANALYSIS = YES;
				CLANG_WARN_STRICT_PROTOTYPES = YES;
				CLANG_WARN_SUSPICIOUS_MOVE = YES;
				CLANG_WARN_UNGUARDED_AVAILABILITY = YES_AGGRESSIVE;
				CLANG_WARN_UNREACHABLE_CODE = YES;
				CLANG_WARN__DUPLICATE_METHOD_MATCH = YES;
				COPY_PHASE_STRIP = NO;
				DEBUG_INFORMATION_FORMAT = "dwarf-with-dsym";
				ENABLE_NS_ASSERTIONS = NO;
				ENABLE_STRICT_OBJC_MSGSEND = YES;
				GCC_C_LANGUAGE_STANDARD = gnu11;
				GCC_NO_COMMON_BLOCKS = YES;
				GCC_WARN_64_TO_32_BIT_CONVERSION = YES;
				GCC_WARN_ABOUT_RETURN_TYPE = YES_ERROR;
				GCC_WARN_UNDECLARED_SELECTOR = YES;
				GCC_WARN_UNINITIALIZED_AUTOS = YES_AGGRESSIVE;
				GCC_WARN_UNUSED_FUNCTION = YES;
				GCC_WARN_UNUSED_VARIABLE = YES;
				IPHONEOS_DEPLOYMENT_TARGET = 16.4;
				MTL_ENABLE_DEBUG_INFO = NO;
				MTL_FAST_MATH = YES;
				SDKROOT = iphoneos;
				SWIFT_COMPILATION_MODE = wholemodule;
				SWIFT_OPTIMIZATION_LEVEL = "-O";
				VALIDATE_PRODUCT = YES;
			};
			name = Release;
		};
		28580BA62A27002B00DA44DF /* Debug */ = {
			isa = XCBuildConfiguration;
			buildSettings = {
				ASSETCATALOG_COMPILER_APPICON_NAME = AppIcon;
				ASSETCATALOG_COMPILER_GLOBAL_ACCENT_COLOR_NAME = AccentColor;
				CODE_SIGN_STYLE = Automatic;
				CURRENT_PROJECT_VERSION = 1;
				GENERATE_INFOPLIST_FILE = YES;
				INFOPLIST_FILE = "Netflix Clone/Info.plist";
				INFOPLIST_KEY_UIApplicationSupportsIndirectInputEvents = YES;
				INFOPLIST_KEY_UILaunchStoryboardName = LaunchScreen;
				INFOPLIST_KEY_UISupportedInterfaceOrientations_iPad = "UIInterfaceOrientationPortrait UIInterfaceOrientationPortraitUpsideDown UIInterfaceOrientationLandscapeLeft UIInterfaceOrientationLandscapeRight";
				INFOPLIST_KEY_UISupportedInterfaceOrientations_iPhone = "UIInterfaceOrientationPortrait UIInterfaceOrientationLandscapeLeft UIInterfaceOrientationLandscapeRight";
				LD_RUNPATH_SEARCH_PATHS = (
					"$(inherited)",
					"@executable_path/Frameworks",
				);
				MARKETING_VERSION = 1.0;
				PRODUCT_BUNDLE_IDENTIFIER = "com.samin.swift.Netflix-Clone";
				PRODUCT_NAME = "$(TARGET_NAME)";
				SWIFT_EMIT_LOC_STRINGS = YES;
				SWIFT_VERSION = 5.0;
				TARGETED_DEVICE_FAMILY = "1,2";
			};
			name = Debug;
		};
		28580BA72A27002B00DA44DF /* Release */ = {
			isa = XCBuildConfiguration;
			buildSettings = {
				ASSETCATALOG_COMPILER_APPICON_NAME = AppIcon;
				ASSETCATALOG_COMPILER_GLOBAL_ACCENT_COLOR_NAME = AccentColor;
				CODE_SIGN_STYLE = Automatic;
				CURRENT_PROJECT_VERSION = 1;
				GENERATE_INFOPLIST_FILE = YES;
				INFOPLIST_FILE = "Netflix Clone/Info.plist";
				INFOPLIST_KEY_UIApplicationSupportsIndirectInputEvents = YES;
				INFOPLIST_KEY_UILaunchStoryboardName = LaunchScreen;
				INFOPLIST_KEY_UISupportedInterfaceOrientations_iPad = "UIInterfaceOrientationPortrait UIInterfaceOrientationPortraitUpsideDown UIInterfaceOrientationLandscapeLeft UIInterfaceOrientationLandscapeRight";
				INFOPLIST_KEY_UISupportedInterfaceOrientations_iPhone = "UIInterfaceOrientationPortrait UIInterfaceOrientationLandscapeLeft UIInterfaceOrientationLandscapeRight";
				LD_RUNPATH_SEARCH_PATHS = (
					"$(inherited)",
					"@executable_path/Frameworks",
				);
				MARKETING_VERSION = 1.0;
				PRODUCT_BUNDLE_IDENTIFIER = "com.samin.swift.Netflix-Clone";
				PRODUCT_NAME = "$(TARGET_NAME)";
				SWIFT_EMIT_LOC_STRINGS = YES;
				SWIFT_VERSION = 5.0;
				TARGETED_DEVICE_FAMILY = "1,2";
			};
			name = Release;
		};
/* End XCBuildConfiguration section */

/* Begin XCConfigurationList section */
		28580B8C2A27002A00DA44DF /* Build configuration list for PBXProject "Netflix Clone" */ = {
			isa = XCConfigurationList;
			buildConfigurations = (
				28580BA32A27002B00DA44DF /* Debug */,
				28580BA42A27002B00DA44DF /* Release */,
			);
			defaultConfigurationIsVisible = 0;
			defaultConfigurationName = Release;
		};
		28580BA52A27002B00DA44DF /* Build configuration list for PBXNativeTarget "Netflix Clone" */ = {
			isa = XCConfigurationList;
			buildConfigurations = (
				28580BA62A27002B00DA44DF /* Debug */,
				28580BA72A27002B00DA44DF /* Release */,
			);
			defaultConfigurationIsVisible = 0;
			defaultConfigurationName = Release;
		};
/* End XCConfigurationList section */

/* Begin XCRemoteSwiftPackageReference section */
		28A862CC2A2D9E5900D039E2 /* XCRemoteSwiftPackageReference "SDWebImage" */ = {
			isa = XCRemoteSwiftPackageReference;
			repositoryURL = "https://github.com/SDWebImage/SDWebImage.git";
			requirement = {
				kind = upToNextMajorVersion;
				minimumVersion = 5.0.0;
			};
		};
/* End XCRemoteSwiftPackageReference section */

/* Begin XCSwiftPackageProductDependency section */
		28A862CD2A2D9E5900D039E2 /* SDWebImage */ = {
			isa = XCSwiftPackageProductDependency;
			package = 28A862CC2A2D9E5900D039E2 /* XCRemoteSwiftPackageReference "SDWebImage" */;
			productName = SDWebImage;
		};
		28A862CF2A2D9E5900D039E2 /* SDWebImageMapKit */ = {
			isa = XCSwiftPackageProductDependency;
			package = 28A862CC2A2D9E5900D039E2 /* XCRemoteSwiftPackageReference "SDWebImage" */;
			productName = SDWebImageMapKit;
		};
/* End XCSwiftPackageProductDependency section */
	};
	rootObject = 28580B892A27002A00DA44DF /* Project object */;
}
